
Microsoft Visual Studio Solution File, Format Version 12.00
# Visual Studio 14
VisualStudioVersion = 14.0.25420.1
MinimumVisualStudioVersion = 10.0.40219.1
Project("{F184B08F-C81C-45F6-A57F-5ABD9991F28F}") = "CSC120Chap3Case4_JNoah", "CSC120Chap2Case4_JNoah\CSC120Chap3Case4_JNoah.vbproj", "{BD30A80E-D19A-4BBB-AEE4-11FCA2C99B92}"
EndProject
Global
	GlobalSection(SolutionConfigurationPlatforms) = preSolution
		Debug|Any CPU = Debug|Any CPU
		Release|Any CPU = Release|Any CPU
	EndGlobalSection
	GlobalSection(ProjectConfigurationPlatforms) = postSolution
		{BD30A80E-D19A-4BBB-AEE4-11FCA2C99B92}.Debug|Any CPU.ActiveCfg = Debug|Any CPU
		{BD30A80E-D19A-4BBB-AEE4-11FCA2C99B92}.Debug|Any CPU.Build.0 = Debug|Any CPU
		{BD30A80E-D19A-4BBB-AEE4-11FCA2C99B92}.Release|Any CPU.ActiveCfg = Release|Any CPU
		{BD30A80E-D19A-4BBB-AEE4-11FCA2C99B92}.Release|Any CPU.Build.0 = Release|Any CPU
	EndGlobalSection
	GlobalSection(SolutionProperties) = preSolution
		HideSolutionNode = FALSE
	EndGlobalSection
EndGlobal
